
Microsoft Visual Studio Solution File, Format Version 12.00
# Visual Studio Version 17
VisualStudioVersion = 17.2.32616.157
MinimumVisualStudioVersion = 10.0.40219.1
Project("{FAE04EC0-301F-11D3-BF4B-00C04F79EFBC}") = "Vidly", "Vidly\Vidly.csproj", "{92988765-7987-40E3-B491-FEBDF7EEC219}"
EndProject
Global
	GlobalSection(SolutionConfigurationPlatforms) = preSolution
		Debug|Any CPU = Debug|Any CPU
		Release|Any CPU = Release|Any CPU
	EndGlobalSection
	GlobalSection(ProjectConfigurationPlatforms) = postSolution
		{92988765-7987-40E3-B491-FEBDF7EEC219}.Debug|Any CPU.ActiveCfg = Debug|Any CPU
		{92988765-7987-40E3-B491-FEBDF7EEC219}.Debug|Any CPU.Build.0 = Debug|Any CPU
		{92988765-7987-40E3-B491-FEBDF7EEC219}.Release|Any CPU.ActiveCfg = Release|Any CPU
		{92988765-7987-40E3-B491-FEBDF7EEC219}.Release|Any CPU.Build.0 = Release|Any CPU
	EndGlobalSection
	GlobalSection(SolutionProperties) = preSolution
		HideSolutionNode = FALSE
	EndGlobalSection
	GlobalSection(ExtensibilityGlobals) = postSolution
		SolutionGuid = {E0404C06-E38B-4EAD-99D8-E0E6129961E6}
	EndGlobalSection
EndGlobal
